{
  "name": "taobao_serverless_miniapp_pc",
  "version": "1.0.0",
  "lockfileVersion": 2,
  "requires": true,
  "packages": {
    "": {
      "version": "1.0.0",
      "license": "MIT",
      "dependencies": {
        "@tbmp/mp-cloud-sdk": "^1.4.2",
        "miniapp-router": "^0.1.9"
      }
    },
    "node_modules/@tbmp/mp-cloud-sdk": {
      "version": "1.4.2",
      "resolved": "https://registry.nlark.com/@tbmp/mp-cloud-sdk/download/@tbmp/mp-cloud-sdk-1.4.2.tgz",
      "integrity": "sha1-/49BtdDaNJ6H9+f9DDBMPgt/BbQ="
    },
    "node_modules/miniapp-router": {
      "version": "0.1.9",
      "resolved": "https://registry.nlark.com/miniapp-router/download/miniapp-router-0.1.9.tgz",
      "integrity": "sha1-fRwYj37+eWMbzyRzRYP45Ly0G70="
    }
  },
  "dependencies": {
    "@tbmp/mp-cloud-sdk": {
      "version": "1.4.2",
      "resolved": "https://registry.nlark.com/@tbmp/mp-cloud-sdk/download/@tbmp/mp-cloud-sdk-1.4.2.tgz",
      "integrity": "sha1-/49BtdDaNJ6H9+f9DDBMPgt/BbQ="
    },
    "miniapp-router": {
      "version": "0.1.9",
      "resolved": "https://registry.nlark.com/miniapp-router/download/miniapp-router-0.1.9.tgz",
      "integrity": "sha1-fRwYj37+eWMbzyRzRYP45Ly0G70="
    }
  }
}
